{
  "pins" : [
    {
      "identity" : "client-sdk-swift",
      "kind" : "remoteSourceControl",
      "location" : "https://github.com/livekit/client-sdk-swift.git",
      "state" : {
        "revision" : "9859018394f1b34e3e04ae859debce96d855e1d8",
        "version" : "2.15.0"
      }
    },
    {
      "identity" : "livekit-uniffi-xcframework",
      "kind" : "remoteSourceControl",
      "location" : "https://github.com/livekit/livekit-uniffi-xcframework.git",
      "state" : {
        "revision" : "7c161254ce7cd55debc48023f69a917076b12a26",
        "version" : "0.0.6"
      }
    },
    {
      "identity" : "swift-protobuf",
      "kind" : "remoteSourceControl",
      "location" : "https://github.com/apple/swift-protobuf.git",
      "state" : {
        "revision" : "f6506eaa86ed2e01cb0ae14a75035b7fdbf0918f",
        "version" : "1.38.0"
      }
    },
    {
      "identity" : "webrtc-xcframework",
      "kind" : "remoteSourceControl",
      "location" : "https://github.com/livekit/webrtc-xcframework.git",
      "state" : {
        "revision" : "53d268c89d242791f0771fb022fe4b423f2263d9",
        "version" : "144.7559.8"
      }
    }
  ],
  "version" : 2
}
